// !$*UTF8*$!
{
	archiveVersion = 1;
	classes = {
	};
	objectVersion = 51;
	objects = {

/* Begin PBXBuildFile section */
		403574BFC242BD6DFB2195D8 /* Pods_CarRentingApplicationUITests.framework in Frameworks */ = {isa = PBXBuildFile; fileRef = AB9613935A635E0CE2C069C0 /* Pods_CarRentingApplicationUITests.framework */; };
		6220A9A9343D49040DB25E09 /* Pods_CarRentingApplication.framework in Frameworks */ = {isa = PBXBuildFile; fileRef = DF12C5B24BC4F3A5584E28B2 /* Pods_CarRentingApplication.framework */; };
		64472B079289792D6A56939A /* Pods_CarRentingApplicationTests.framework in Frameworks */ = {isa = PBXBuildFile; fileRef = 4107FB72968E0B5732C1FD6E /* Pods_CarRentingApplicationTests.framework */; };
		DB0A5EF2235CE8D300DB0225 /* Login.storyboard in Resources */ = {isa = PBXBuildFile; fileRef = DB0A5EF1235CE8D300DB0225 /* Login.storyboard */; };
		DB346EB02389D6D500F0B55D /* CarRentListViewModel.swift in Sources */ = {isa = PBXBuildFile; fileRef = DB346EAF2389D6D500F0B55D /* CarRentListViewModel.swift */; };
		DB346EB22389D6E200F0B55D /* CarRentListViewController.swift in Sources */ = {isa = PBXBuildFile; fileRef = DB346EB12389D6E200F0B55D /* CarRentListViewController.swift */; };
		DB346EB52389DB0E00F0B55D /* Rent.swift in Sources */ = {isa = PBXBuildFile; fileRef = DB346EB42389DB0E00F0B55D /* Rent.swift */; };
		DB346EB92389DE5A00F0B55D /* RentsTableViewCell.swift in Sources */ = {isa = PBXBuildFile; fileRef = DB346EB72389DE5A00F0B55D /* RentsTableViewCell.swift */; };
		DB346EBA2389DE5A00F0B55D /* RentsTableViewCell.xib in Resources */ = {isa = PBXBuildFile; fileRef = DB346EB82389DE5A00F0B55D /* RentsTableViewCell.xib */; };
		DB346EBC2389DE8000F0B55D /* RentsTableViewCellItemViewModel.swift in Sources */ = {isa = PBXBuildFile; fileRef = DB346EBB2389DE8000F0B55D /* RentsTableViewCellItemViewModel.swift */; };
		DB346EBF238AC3E400F0B55D /* RentCarViewController.swift in Sources */ = {isa = PBXBuildFile; fileRef = DB346EBE238AC3E400F0B55D /* RentCarViewController.swift */; };
		DB346EC1238AC45D00F0B55D /* RentCarViewModel.swift in Sources */ = {isa = PBXBuildFile; fileRef = DB346EC0238AC45D00F0B55D /* RentCarViewModel.swift */; };
		DB346EC7238B185900F0B55D /* OwnRentsViewController.swift in Sources */ = {isa = PBXBuildFile; fileRef = DB346EC6238B185900F0B55D /* OwnRentsViewController.swift */; };
		DB346ECA238B188C00F0B55D /* OwnRentsViewModel.swift in Sources */ = {isa = PBXBuildFile; fileRef = DB346EC9238B188C00F0B55D /* OwnRentsViewModel.swift */; };
		DB346ECC238B194A00F0B55D /* RentsInteractor.swift in Sources */ = {isa = PBXBuildFile; fileRef = DB346ECB238B194A00F0B55D /* RentsInteractor.swift */; };
		DB614B82236F92E6002EAF84 /* RegistrationAPI.swift in Sources */ = {isa = PBXBuildFile; fileRef = DB614B81236F92E6002EAF84 /* RegistrationAPI.swift */; };
		DB72D935236EED4E0090B85C /* TextField.swift in Sources */ = {isa = PBXBuildFile; fileRef = DB72D934236EED4E0090B85C /* TextField.swift */; };
		DB8173EF238B225500CC2B99 /* OwnRentsTableViewCell.swift in Sources */ = {isa = PBXBuildFile; fileRef = DB8173ED238B225500CC2B99 /* OwnRentsTableViewCell.swift */; };
		DB8173F0238B225500CC2B99 /* OwnRentsTableViewCell.xib in Resources */ = {isa = PBXBuildFile; fileRef = DB8173EE238B225500CC2B99 /* OwnRentsTableViewCell.xib */; };
		DB8173F2238B23EC00CC2B99 /* OwnRentsTableViewCellItemViewModel.swift in Sources */ = {isa = PBXBuildFile; fileRef = DB8173F1238B23EC00CC2B99 /* OwnRentsTableViewCellItemViewModel.swift */; };
		DB8173F4238B268B00CC2B99 /* RentsAPI.swift in Sources */ = {isa = PBXBuildFile; fileRef = DB8173F3238B268B00CC2B99 /* RentsAPI.swift */; };
		DB9B128C235D00FE005F8F0A /* Dashboard.storyboard in Resources */ = {isa = PBXBuildFile; fileRef = DB9B128B235D00FE005F8F0A /* Dashboard.storyboard */; };
		DBA431DE2393081800588B88 /* OwnRentDetailsViewController.swift in Sources */ = {isa = PBXBuildFile; fileRef = DBA431DD2393081800588B88 /* OwnRentDetailsViewController.swift */; };
		DBA431E02393A47000588B88 /* OwnRentDetailsViewModel.swift in Sources */ = {isa = PBXBuildFile; fileRef = DBA431DF2393A47000588B88 /* OwnRentDetailsViewModel.swift */; };
		DBA431E22393A95B00588B88 /* RentData.swift in Sources */ = {isa = PBXBuildFile; fileRef = DBA431E12393A95B00588B88 /* RentData.swift */; };
		DBA431E6239426F600588B88 /* PositionProviderViewController.swift in Sources */ = {isa = PBXBuildFile; fileRef = DBA431E5239426F600588B88 /* PositionProviderViewController.swift */; };
		DBA431E82394313A00588B88 /* PositionAPI.swift in Sources */ = {isa = PBXBuildFile; fileRef = DBA431E72394313A00588B88 /* PositionAPI.swift */; };
		DBA431EA239432C500588B88 /* PositionInteractor.swift in Sources */ = {isa = PBXBuildFile; fileRef = DBA431E9239432C500588B88 /* PositionInteractor.swift */; };
		DBA431EC239433E700588B88 /* PositionProviderViewModel.swift in Sources */ = {isa = PBXBuildFile; fileRef = DBA431EB239433E700588B88 /* PositionProviderViewModel.swift */; };
		DBA431EF239453E700588B88 /* OwnRentImageUploadViewController.swift in Sources */ = {isa = PBXBuildFile; fileRef = DBA431EE239453E700588B88 /* OwnRentImageUploadViewController.swift */; };
		DBA431F1239453FC00588B88 /* OwnRentImageUploadViewModel.swift in Sources */ = {isa = PBXBuildFile; fileRef = DBA431F0239453FC00588B88 /* OwnRentImageUploadViewModel.swift */; };
		DBB7C8AE23535DF900DEBBB3 /* AppDelegate.swift in Sources */ = {isa = PBXBuildFile; fileRef = DBB7C8AD23535DF900DEBBB3 /* AppDelegate.swift */; };
		DBB7C8B523535E0400DEBBB3 /* Assets.xcassets in Resources */ = {isa = PBXBuildFile; fileRef = DBB7C8B423535E0400DEBBB3 /* Assets.xcassets */; };
		DBB7C8B823535E0400DEBBB3 /* LaunchScreen.storyboard in Resources */ = {isa = PBXBuildFile; fileRef = DBB7C8B623535E0400DEBBB3 /* LaunchScreen.storyboard */; };
		DBB7C8C323535E0500DEBBB3 /* CarRentingApplicationTests.swift in Sources */ = {isa = PBXBuildFile; fileRef = DBB7C8C223535E0500DEBBB3 /* CarRentingApplicationTests.swift */; };
		DBB7C8CE23535E0500DEBBB3 /* CarRentingApplicationUITests.swift in Sources */ = {isa = PBXBuildFile; fileRef = DBB7C8CD23535E0500DEBBB3 /* CarRentingApplicationUITests.swift */; };
		DBBB82982378205800308A48 /* CarListViewController.swift in Sources */ = {isa = PBXBuildFile; fileRef = DBBB82972378205800308A48 /* CarListViewController.swift */; };
		DBBB829A2378206C00308A48 /* CarListViewModel.swift in Sources */ = {isa = PBXBuildFile; fileRef = DBBB82992378206C00308A48 /* CarListViewModel.swift */; };
		DBBB829F23782C4000308A48 /* Car.swift in Sources */ = {isa = PBXBuildFile; fileRef = DBBB829E23782C4000308A48 /* Car.swift */; };
		DBBB82A123782CDC00308A48 /* Station.swift in Sources */ = {isa = PBXBuildFile; fileRef = DBBB82A023782CDC00308A48 /* Station.swift */; };
		DBBB82A323782D6800308A48 /* CarsInteractor.swift in Sources */ = {isa = PBXBuildFile; fileRef = DBBB82A223782D6800308A48 /* CarsInteractor.swift */; };
		DBBB82A523782F5C00308A48 /* CarsAPI.swift in Sources */ = {isa = PBXBuildFile; fileRef = DBBB82A423782F5C00308A48 /* CarsAPI.swift */; };
		DBBB82AB2378354700308A48 /* CarsTableViewCellItemViewModel.swift in Sources */ = {isa = PBXBuildFile; fileRef = DBBB82AA2378354700308A48 /* CarsTableViewCellItemViewModel.swift */; };
		DBBB82AE237836BF00308A48 /* CarsTableViewCell.swift in Sources */ = {isa = PBXBuildFile; fileRef = DBBB82AC237836BF00308A48 /* CarsTableViewCell.swift */; };
		DBBB82AF237836BF00308A48 /* CarsTableViewCell.xib in Resources */ = {isa = PBXBuildFile; fileRef = DBBB82AD237836BF00308A48 /* CarsTableViewCell.xib */; };
		DBC2FFAB2380A02F00B7BBD5 /* CarDetailsViewModel.swift in Sources */ = {isa = PBXBuildFile; fileRef = DBC2FFAA2380A02F00B7BBD5 /* CarDetailsViewModel.swift */; };
		DBC2FFAD2380AFEF00B7BBD5 /* CarDetailsViewController.swift in Sources */ = {isa = PBXBuildFile; fileRef = DBC2FFAC2380AFEF00B7BBD5 /* CarDetailsViewController.swift */; };
		DBD8C1C823632A6E00902426 /* AccountDataInputViewController.swift in Sources */ = {isa = PBXBuildFile; fileRef = DBD8C1C723632A6E00902426 /* AccountDataInputViewController.swift */; };
		DBD8C1CA23632A8200902426 /* AccountDataInputViewModel.swift in Sources */ = {isa = PBXBuildFile; fileRef = DBD8C1C923632A8200902426 /* AccountDataInputViewModel.swift */; };
		DBDA05AB2359D8D6005026DF /* ViewAssembly.swift in Sources */ = {isa = PBXBuildFile; fileRef = DBDA05AA2359D8D6005026DF /* ViewAssembly.swift */; };
		DBDA05AF2359D94F005026DF /* NetworkAssembly.swift in Sources */ = {isa = PBXBuildFile; fileRef = DBDA05AE2359D94F005026DF /* NetworkAssembly.swift */; };
		DBDA05B12359D9A0005026DF /* InteractorAssembly.swift in Sources */ = {isa = PBXBuildFile; fileRef = DBDA05B02359D9A0005026DF /* InteractorAssembly.swift */; };
		DBDA05B4235A06AE005026DF /* MultiMoyaProvider.swift in Sources */ = {isa = PBXBuildFile; fileRef = DBDA05B3235A06AE005026DF /* MultiMoyaProvider.swift */; };
		DBE15806236EF3750037B357 /* Button.swift in Sources */ = {isa = PBXBuildFile; fileRef = DBE15805236EF3750037B357 /* Button.swift */; };
		DBE1580A236F28580037B357 /* PersonalDataInputViewController.swift in Sources */ = {isa = PBXBuildFile; fileRef = DBE15809236F28580037B357 /* PersonalDataInputViewController.swift */; };
		DBE1580C236F29900037B357 /* PersonalDataInputViewModel.swift in Sources */ = {isa = PBXBuildFile; fileRef = DBE1580B236F29900037B357 /* PersonalDataInputViewModel.swift */; };
		DBE15817236F582D0037B357 /* DrivingLicenseInputDataViewModel.swift in Sources */ = {isa = PBXBuildFile; fileRef = DBE15815236F582D0037B357 /* DrivingLicenseInputDataViewModel.swift */; };
		DBE15818236F582D0037B357 /* DrivingLicenseInputDataViewController.swift in Sources */ = {isa = PBXBuildFile; fileRef = DBE15816236F582D0037B357 /* DrivingLicenseInputDataViewController.swift */; };
		DBE1581C236F58DE0037B357 /* DrivingLicenseBackUploadViewController.swift in Sources */ = {isa = PBXBuildFile; fileRef = DBE1581B236F58DE0037B357 /* DrivingLicenseBackUploadViewController.swift */; };
		DBE1581E236F58F00037B357 /* DrivingLicenseBackUploadViewModel.swift in Sources */ = {isa = PBXBuildFile; fileRef = DBE1581D236F58F00037B357 /* DrivingLicenseBackUploadViewModel.swift */; };
		DBE15820236F5ADB0037B357 /* DrivingLicenseFrontUploadViewController.swift in Sources */ = {isa = PBXBuildFile; fileRef = DBE1581F236F5ADB0037B357 /* DrivingLicenseFrontUploadViewController.swift */; };
		DBE15822236F5AED0037B357 /* DrivingLicenseFrontUploadViewModel.swift in Sources */ = {isa = PBXBuildFile; fileRef = DBE15821236F5AED0037B357 /* DrivingLicenseFrontUploadViewModel.swift */; };
		DBE15824236F5D880037B357 /* UIViewController.swift in Sources */ = {isa = PBXBuildFile; fileRef = DBE15823236F5D880037B357 /* UIViewController.swift */; };
		DBE15826236F5F3D0037B357 /* ProfileImageUploadViewController.swift in Sources */ = {isa = PBXBuildFile; fileRef = DBE15825236F5F3D0037B357 /* ProfileImageUploadViewController.swift */; };
		DBE15828236F5F4D0037B357 /* ProfileImageUploadViewModel.swift in Sources */ = {isa = PBXBuildFile; fileRef = DBE15827236F5F4D0037B357 /* ProfileImageUploadViewModel.swift */; };
		DBE1582A236F60FE0037B357 /* RegisterInteractor.swift in Sources */ = {isa = PBXBuildFile; fileRef = DBE15829236F60FE0037B357 /* RegisterInteractor.swift */; };
		DBEC208C235C8D8F0085BEAB /* MultiMoyaProvider+Codable.swift in Sources */ = {isa = PBXBuildFile; fileRef = DBEC208B235C8D8F0085BEAB /* MultiMoyaProvider+Codable.swift */; };
		DBEC208E235C8E9B0085BEAB /* NetworkConfig.swift in Sources */ = {isa = PBXBuildFile; fileRef = DBEC208D235C8E9B0085BEAB /* NetworkConfig.swift */; };
		DBEC2090235C92CB0085BEAB /* NetworkManager.swift in Sources */ = {isa = PBXBuildFile; fileRef = DBEC208F235C92CB0085BEAB /* NetworkManager.swift */; };
		DBEC2099235C9EBE0085BEAB /* Notifiable.swift in Sources */ = {isa = PBXBuildFile; fileRef = DBEC2098235C9EBE0085BEAB /* Notifiable.swift */; };
		DBEC209E235CAB3D0085BEAB /* PersistencyManager.swift in Sources */ = {isa = PBXBuildFile; fileRef = DBEC209D235CAB3D0085BEAB /* PersistencyManager.swift */; };
		DBEC20A0235CAFAC0085BEAB /* ManagerAssembly.swift in Sources */ = {isa = PBXBuildFile; fileRef = DBEC209F235CAFAC0085BEAB /* ManagerAssembly.swift */; };
		DBEC20A2235CB5110085BEAB /* SessionManager.swift in Sources */ = {isa = PBXBuildFile; fileRef = DBEC20A1235CB5110085BEAB /* SessionManager.swift */; };
		DBEC20A5235CB9700085BEAB /* LoginAPI.swift in Sources */ = {isa = PBXBuildFile; fileRef = DBEC20A4235CB9700085BEAB /* LoginAPI.swift */; };
		DBEC20A8235CC1660085BEAB /* LoginViewModel.swift in Sources */ = {isa = PBXBuildFile; fileRef = DBEC20A7235CC1660085BEAB /* LoginViewModel.swift */; };
		DBEC20AA235CC7310085BEAB /* LoginViewController.swift in Sources */ = {isa = PBXBuildFile; fileRef = DBEC20A9235CC7310085BEAB /* LoginViewController.swift */; };
/* End PBXBuildFile section */

/* Begin PBXContainerItemProxy section */
		DBB7C8BF23535E0500DEBBB3 /* PBXContainerItemProxy */ = {
			isa = PBXContainerItemProxy;
			containerPortal = DBB7C8A223535DF900DEBBB3 /* Project object */;
			proxyType = 1;
			remoteGlobalIDString = DBB7C8A923535DF900DEBBB3;
			remoteInfo = CarRentingApplication;
		};
		DBB7C8CA23535E0500DEBBB3 /* PBXContainerItemProxy */ = {
			isa = PBXContainerItemProxy;
			containerPortal = DBB7C8A223535DF900DEBBB3 /* Project object */;
			proxyType = 1;
			remoteGlobalIDString = DBB7C8A923535DF900DEBBB3;
			remoteInfo = CarRentingApplication;
		};
/* End PBXContainerItemProxy section */

/* Begin PBXFileReference section */
		08D54771CA42D61E7D8B37FD /* Pods-CarRentingApplication.release.xcconfig */ = {isa = PBXFileReference; includeInIndex = 1; lastKnownFileType = text.xcconfig; name = "Pods-CarRentingApplication.release.xcconfig"; path = "Target Support Files/Pods-CarRentingApplication/Pods-CarRentingApplication.release.xcconfig"; sourceTree = "<group>"; };
		162D533E821918827901E491 /* Pods-CarRentingApplication.debug.xcconfig */ = {isa = PBXFileReference; includeInIndex = 1; lastKnownFileType = text.xcconfig; name = "Pods-CarRentingApplication.debug.xcconfig"; path = "Target Support Files/Pods-CarRentingApplication/Pods-CarRentingApplication.debug.xcconfig"; sourceTree = "<group>"; };
		2C84FC2F9AC98145514C0410 /* Pods-CarRentingApplicationUITests.debug.xcconfig */ = {isa = PBXFileReference; includeInIndex = 1; lastKnownFileType = text.xcconfig; name = "Pods-CarRentingApplicationUITests.debug.xcconfig"; path = "Target Support Files/Pods-CarRentingApplicationUITests/Pods-CarRentingApplicationUITests.debug.xcconfig"; sourceTree = "<group>"; };
		4107FB72968E0B5732C1FD6E /* Pods_CarRentingApplicationTests.framework */ = {isa = PBXFileReference; explicitFileType = wrapper.framework; includeInIndex = 0; path = Pods_CarRentingApplicationTests.framework; sourceTree = BUILT_PRODUCTS_DIR; };
		4A1D6DDC138037A05E05EA5E /* Pods-CarRentingApplicationTests.debug.xcconfig */ = {isa = PBXFileReference; includeInIndex = 1; lastKnownFileType = text.xcconfig; name = "Pods-CarRentingApplicationTests.debug.xcconfig"; path = "Target Support Files/Pods-CarRentingApplicationTests/Pods-CarRentingApplicationTests.debug.xcconfig"; sourceTree = "<group>"; };
		50982ECA4E9176B1E1805308 /* Pods-CarRentingApplicationUITests.release.xcconfig */ = {isa = PBXFileReference; includeInIndex = 1; lastKnownFileType = text.xcconfig; name = "Pods-CarRentingApplicationUITests.release.xcconfig"; path = "Target Support Files/Pods-CarRentingApplicationUITests/Pods-CarRentingApplicationUITests.release.xcconfig"; sourceTree = "<group>"; };
		854288F8D462A25E8652599B /* Pods-CarRentingApplicationTests.release.xcconfig */ = {isa = PBXFileReference; includeInIndex = 1; lastKnownFileType = text.xcconfig; name = "Pods-CarRentingApplicationTests.release.xcconfig"; path = "Target Support Files/Pods-CarRentingApplicationTests/Pods-CarRentingApplicationTests.release.xcconfig"; sourceTree = "<group>"; };
		AB9613935A635E0CE2C069C0 /* Pods_CarRentingApplicationUITests.framework */ = {isa = PBXFileReference; explicitFileType = wrapper.framework; includeInIndex = 0; path = Pods_CarRentingApplicationUITests.framework; sourceTree = BUILT_PRODUCTS_DIR; };
		DB0A5EF1235CE8D300DB0225 /* Login.storyboard */ = {isa = PBXFileReference; fileEncoding = 4; lastKnownFileType = file.storyboard; path = Login.storyboard; sourceTree = "<group>"; };
		DB346EAF2389D6D500F0B55D /* CarRentListViewModel.swift */ = {isa = PBXFileReference; lastKnownFileType = sourcecode.swift; path = CarRentListViewModel.swift; sourceTree = "<group>"; };
		DB346EB12389D6E200F0B55D /* CarRentListViewController.swift */ = {isa = PBXFileReference; lastKnownFileType = sourcecode.swift; path = CarRentListViewController.swift; sourceTree = "<group>"; };
		DB346EB42389DB0E00F0B55D /* Rent.swift */ = {isa = PBXFileReference; lastKnownFileType = sourcecode.swift; path = Rent.swift; sourceTree = "<group>"; };
		DB346EB72389DE5A00F0B55D /* RentsTableViewCell.swift */ = {isa = PBXFileReference; lastKnownFileType = sourcecode.swift; path = RentsTableViewCell.swift; sourceTree = "<group>"; };
		DB346EB82389DE5A00F0B55D /* RentsTableViewCell.xib */ = {isa = PBXFileReference; lastKnownFileType = file.xib; path = RentsTableViewCell.xib; sourceTree = "<group>"; };
		DB346EBB2389DE8000F0B55D /* RentsTableViewCellItemViewModel.swift */ = {isa = PBXFileReference; lastKnownFileType = sourcecode.swift; path = RentsTableViewCellItemViewModel.swift; sourceTree = "<group>"; };
		DB346EBE238AC3E400F0B55D /* RentCarViewController.swift */ = {isa = PBXFileReference; lastKnownFileType = sourcecode.swift; path = RentCarViewController.swift; sourceTree = "<group>"; };
		DB346EC0238AC45D00F0B55D /* RentCarViewModel.swift */ = {isa = PBXFileReference; lastKnownFileType = sourcecode.swift; path = RentCarViewModel.swift; sourceTree = "<group>"; };
		DB346EC6238B185900F0B55D /* OwnRentsViewController.swift */ = {isa = PBXFileReference; lastKnownFileType = sourcecode.swift; path = OwnRentsViewController.swift; sourceTree = "<group>"; };
		DB346EC9238B188C00F0B55D /* OwnRentsViewModel.swift */ = {isa = PBXFileReference; lastKnownFileType = sourcecode.swift; path = OwnRentsViewModel.swift; sourceTree = "<group>"; };
		DB346ECB238B194A00F0B55D /* RentsInteractor.swift */ = {isa = PBXFileReference; lastKnownFileType = sourcecode.swift; path = RentsInteractor.swift; sourceTree = "<group>"; };
		DB614B81236F92E6002EAF84 /* RegistrationAPI.swift */ = {isa = PBXFileReference; lastKnownFileType = sourcecode.swift; path = RegistrationAPI.swift; sourceTree = "<group>"; };
		DB72D934236EED4E0090B85C /* TextField.swift */ = {isa = PBXFileReference; lastKnownFileType = sourcecode.swift; path = TextField.swift; sourceTree = "<group>"; };
		DB8173ED238B225500CC2B99 /* OwnRentsTableViewCell.swift */ = {isa = PBXFileReference; lastKnownFileType = sourcecode.swift; path = OwnRentsTableViewCell.swift; sourceTree = "<group>"; };
		DB8173EE238B225500CC2B99 /* OwnRentsTableViewCell.xib */ = {isa = PBXFileReference; lastKnownFileType = file.xib; path = OwnRentsTableViewCell.xib; sourceTree = "<group>"; };
		DB8173F1238B23EC00CC2B99 /* OwnRentsTableViewCellItemViewModel.swift */ = {isa = PBXFileReference; lastKnownFileType = sourcecode.swift; path = OwnRentsTableViewCellItemViewModel.swift; sourceTree = "<group>"; };
		DB8173F3238B268B00CC2B99 /* RentsAPI.swift */ = {isa = PBXFileReference; lastKnownFileType = sourcecode.swift; path = RentsAPI.swift; sourceTree = "<group>"; };
		DB9B128B235D00FE005F8F0A /* Dashboard.storyboard */ = {isa = PBXFileReference; lastKnownFileType = file.storyboard; path = Dashboard.storyboard; sourceTree = "<group>"; };
		DBA431DD2393081800588B88 /* OwnRentDetailsViewController.swift */ = {isa = PBXFileReference; lastKnownFileType = sourcecode.swift; path = OwnRentDetailsViewController.swift; sourceTree = "<group>"; };
		DBA431DF2393A47000588B88 /* OwnRentDetailsViewModel.swift */ = {isa = PBXFileReference; lastKnownFileType = sourcecode.swift; path = OwnRentDetailsViewModel.swift; sourceTree = "<group>"; };
		DBA431E12393A95B00588B88 /* RentData.swift */ = {isa = PBXFileReference; lastKnownFileType = sourcecode.swift; path = RentData.swift; sourceTree = "<group>"; };
		DBA431E5239426F600588B88 /* PositionProviderViewController.swift */ = {isa = PBXFileReference; lastKnownFileType = sourcecode.swift; path = PositionProviderViewController.swift; sourceTree = "<group>"; };
		DBA431E72394313A00588B88 /* PositionAPI.swift */ = {isa = PBXFileReference; lastKnownFileType = sourcecode.swift; path = PositionAPI.swift; sourceTree = "<group>"; };
		DBA431E9239432C500588B88 /* PositionInteractor.swift */ = {isa = PBXFileReference; lastKnownFileType = sourcecode.swift; path = PositionInteractor.swift; sourceTree = "<group>"; };
		DBA431EB239433E700588B88 /* PositionProviderViewModel.swift */ = {isa = PBXFileReference; lastKnownFileType = sourcecode.swift; path = PositionProviderViewModel.swift; sourceTree = "<group>"; };
		DBA431EE239453E700588B88 /* OwnRentImageUploadViewController.swift */ = {isa = PBXFileReference; lastKnownFileType = sourcecode.swift; name = OwnRentImageUploadViewController.swift; path = CarRentingApplication/UseCase/Rent/OwnRentImageUpload/OwnRentImageUploadViewController.swift; sourceTree = SOURCE_ROOT; };
		DBA431F0239453FC00588B88 /* OwnRentImageUploadViewModel.swift */ = {isa = PBXFileReference; lastKnownFileType = sourcecode.swift; path = OwnRentImageUploadViewModel.swift; sourceTree = "<group>"; };
		DBB7C8AA23535DF900DEBBB3 /* CarRentingApplication.app */ = {isa = PBXFileReference; explicitFileType = wrapper.application; includeInIndex = 0; path = CarRentingApplication.app; sourceTree = BUILT_PRODUCTS_DIR; };
		DBB7C8AD23535DF900DEBBB3 /* AppDelegate.swift */ = {isa = PBXFileReference; lastKnownFileType = sourcecode.swift; path = AppDelegate.swift; sourceTree = "<group>"; };
		DBB7C8B423535E0400DEBBB3 /* Assets.xcassets */ = {isa = PBXFileReference; lastKnownFileType = folder.assetcatalog; path = Assets.xcassets; sourceTree = "<group>"; };
		DBB7C8B723535E0400DEBBB3 /* Base */ = {isa = PBXFileReference; lastKnownFileType = file.storyboard; name = Base; path = Base.lproj/LaunchScreen.storyboard; sourceTree = "<group>"; };
		DBB7C8B923535E0400DEBBB3 /* Info.plist */ = {isa = PBXFileReference; lastKnownFileType = text.plist.xml; path = Info.plist; sourceTree = "<group>"; };
		DBB7C8BE23535E0500DEBBB3 /* CarRentingApplicationTests.xctest */ = {isa = PBXFileReference; explicitFileType = wrapper.cfbundle; includeInIndex = 0; path = CarRentingApplicationTests.xctest; sourceTree = BUILT_PRODUCTS_DIR; };
		DBB7C8C223535E0500DEBBB3 /* CarRentingApplicationTests.swift */ = {isa = PBXFileReference; lastKnownFileType = sourcecode.swift; path = CarRentingApplicationTests.swift; sourceTree = "<group>"; };
		DBB7C8C423535E0500DEBBB3 /* Info.plist */ = {isa = PBXFileReference; lastKnownFileType = text.plist.xml; path = Info.plist; sourceTree = "<group>"; };
		DBB7C8C923535E0500DEBBB3 /* CarRentingApplicationUITests.xctest */ = {isa = PBXFileReference; explicitFileType = wrapper.cfbundle; includeInIndex = 0; path = CarRentingApplicationUITests.xctest; sourceTree = BUILT_PRODUCTS_DIR; };
		DBB7C8CD23535E0500DEBBB3 /* CarRentingApplicationUITests.swift */ = {isa = PBXFileReference; lastKnownFileType = sourcecode.swift; path = CarRentingApplicationUITests.swift; sourceTree = "<group>"; };
		DBB7C8CF23535E0500DEBBB3 /* Info.plist */ = {isa = PBXFileReference; lastKnownFileType = text.plist.xml; path = Info.plist; sourceTree = "<group>"; };
		DBBB82972378205800308A48 /* CarListViewController.swift */ = {isa = PBXFileReference; lastKnownFileType = sourcecode.swift; path = CarListViewController.swift; sourceTree = "<group>"; };
		DBBB82992378206C00308A48 /* CarListViewModel.swift */ = {isa = PBXFileReference; lastKnownFileType = sourcecode.swift; path = CarListViewModel.swift; sourceTree = "<group>"; };
		DBBB829E23782C4000308A48 /* Car.swift */ = {isa = PBXFileReference; lastKnownFileType = sourcecode.swift; path = Car.swift; sourceTree = "<group>"; };
		DBBB82A023782CDC00308A48 /* Station.swift */ = {isa = PBXFileReference; lastKnownFileType = sourcecode.swift; path = Station.swift; sourceTree = "<group>"; };
		DBBB82A223782D6800308A48 /* CarsInteractor.swift */ = {isa = PBXFileReference; lastKnownFileType = sourcecode.swift; path = CarsInteractor.swift; sourceTree = "<group>"; };
		DBBB82A423782F5C00308A48 /* CarsAPI.swift */ = {isa = PBXFileReference; lastKnownFileType = sourcecode.swift; path = CarsAPI.swift; sourceTree = "<group>"; };
		DBBB82AA2378354700308A48 /* CarsTableViewCellItemViewModel.swift */ = {isa = PBXFileReference; lastKnownFileType = sourcecode.swift; path = CarsTableViewCellItemViewModel.swift; sourceTree = "<group>"; };
		DBBB82AC237836BF00308A48 /* CarsTableViewCell.swift */ = {isa = PBXFileReference; lastKnownFileType = sourcecode.swift; path = CarsTableViewCell.swift; sourceTree = "<group>"; };
		DBBB82AD237836BF00308A48 /* CarsTableViewCell.xib */ = {isa = PBXFileReference; lastKnownFileType = file.xib; path = CarsTableViewCell.xib; sourceTree = "<group>"; };
		DBC2FFAA2380A02F00B7BBD5 /* CarDetailsViewModel.swift */ = {isa = PBXFileReference; lastKnownFileType = sourcecode.swift; path = CarDetailsViewModel.swift; sourceTree = "<group>"; };
		DBC2FFAC2380AFEF00B7BBD5 /* CarDetailsViewController.swift */ = {isa = PBXFileReference; lastKnownFileType = sourcecode.swift; path = CarDetailsViewController.swift; sourceTree = "<group>"; };
		DBD8C1C723632A6E00902426 /* AccountDataInputViewController.swift */ = {isa = PBXFileReference; lastKnownFileType = sourcecode.swift; path = AccountDataInputViewController.swift; sourceTree = "<group>"; };
		DBD8C1C923632A8200902426 /* AccountDataInputViewModel.swift */ = {isa = PBXFileReference; lastKnownFileType = sourcecode.swift; path = AccountDataInputViewModel.swift; sourceTree = "<group>"; };
		DBDA05AA2359D8D6005026DF /* ViewAssembly.swift */ = {isa = PBXFileReference; lastKnownFileType = sourcecode.swift; path = ViewAssembly.swift; sourceTree = "<group>"; };
		DBDA05AE2359D94F005026DF /* NetworkAssembly.swift */ = {isa = PBXFileReference; lastKnownFileType = sourcecode.swift; path = NetworkAssembly.swift; sourceTree = "<group>"; };
		DBDA05B02359D9A0005026DF /* InteractorAssembly.swift */ = {isa = PBXFileReference; lastKnownFileType = sourcecode.swift; path = InteractorAssembly.swift; sourceTree = "<group>"; };
		DBDA05B3235A06AE005026DF /* MultiMoyaProvider.swift */ = {isa = PBXFileReference; lastKnownFileType = sourcecode.swift; path = MultiMoyaProvider.swift; sourceTree = "<group>"; };
		DBE15805236EF3750037B357 /* Button.swift */ = {isa = PBXFileReference; lastKnownFileType = sourcecode.swift; path = Button.swift; sourceTree = "<group>"; };
		DBE15809236F28580037B357 /* PersonalDataInputViewController.swift */ = {isa = PBXFileReference; lastKnownFileType = sourcecode.swift; path = PersonalDataInputViewController.swift; sourceTree = "<group>"; };
		DBE1580B236F29900037B357 /* PersonalDataInputViewModel.swift */ = {isa = PBXFileReference; lastKnownFileType = sourcecode.swift; path = PersonalDataInputViewModel.swift; sourceTree = "<group>"; };
		DBE15815236F582D0037B357 /* DrivingLicenseInputDataViewModel.swift */ = {isa = PBXFileReference; fileEncoding = 4; lastKnownFileType = sourcecode.swift; path = DrivingLicenseInputDataViewModel.swift; sourceTree = "<group>"; };
		DBE15816236F582D0037B357 /* DrivingLicenseInputDataViewController.swift */ = {isa = PBXFileReference; fileEncoding = 4; lastKnownFileType = sourcecode.swift; path = DrivingLicenseInputDataViewController.swift; sourceTree = "<group>"; };
		DBE1581B236F58DE0037B357 /* DrivingLicenseBackUploadViewController.swift */ = {isa = PBXFileReference; lastKnownFileType = sourcecode.swift; path = DrivingLicenseBackUploadViewController.swift; sourceTree = "<group>"; };
		DBE1581D236F58F00037B357 /* DrivingLicenseBackUploadViewModel.swift */ = {isa = PBXFileReference; lastKnownFileType = sourcecode.swift; path = DrivingLicenseBackUploadViewModel.swift; sourceTree = "<group>"; };
		DBE1581F236F5ADB0037B357 /* DrivingLicenseFrontUploadViewController.swift */ = {isa = PBXFileReference; lastKnownFileType = sourcecode.swift; path = DrivingLicenseFrontUploadViewController.swift; sourceTree = "<group>"; };
		DBE15821236F5AED0037B357 /* DrivingLicenseFrontUploadViewModel.swift */ = {isa = PBXFileReference; lastKnownFileType = sourcecode.swift; path = DrivingLicenseFrontUploadViewModel.swift; sourceTree = "<group>"; };
		DBE15823236F5D880037B357 /* UIViewController.swift */ = {isa = PBXFileReference; lastKnownFileType = sourcecode.swift; path = UIViewController.swift; sourceTree = "<group>"; };
		DBE15825236F5F3D0037B357 /* ProfileImageUploadViewController.swift */ = {isa = PBXFileReference; lastKnownFileType = sourcecode.swift; path = ProfileImageUploadViewController.swift; sourceTree = "<group>"; };
		DBE15827236F5F4D0037B357 /* ProfileImageUploadViewModel.swift */ = {isa = PBXFileReference; lastKnownFileType = sourcecode.swift; path = ProfileImageUploadViewModel.swift; sourceTree = "<group>"; };
		DBE15829236F60FE0037B357 /* RegisterInteractor.swift */ = {isa = PBXFileReference; lastKnownFileType = sourcecode.swift; path = RegisterInteractor.swift; sourceTree = "<group>"; };
		DBEC208B235C8D8F0085BEAB /* MultiMoyaProvider+Codable.swift */ = {isa = PBXFileReference; lastKnownFileType = sourcecode.swift; path = "MultiMoyaProvider+Codable.swift"; sourceTree = "<group>"; };
		DBEC208D235C8E9B0085BEAB /* NetworkConfig.swift */ = {isa = PBXFileReference; lastKnownFileType = sourcecode.swift; path = NetworkConfig.swift; sourceTree = "<group>"; };
		DBEC208F235C92CB0085BEAB /* NetworkManager.swift */ = {isa = PBXFileReference; lastKnownFileType = sourcecode.swift; path = NetworkManager.swift; sourceTree = "<group>"; };
		DBEC2098235C9EBE0085BEAB /* Notifiable.swift */ = {isa = PBXFileReference; lastKnownFileType = sourcecode.swift; path = Notifiable.swift; sourceTree = "<group>"; };
		DBEC209D235CAB3D0085BEAB /* PersistencyManager.swift */ = {isa = PBXFileReference; lastKnownFileType = sourcecode.swift; path = PersistencyManager.swift; sourceTree = "<group>"; };
		DBEC209F235CAFAC0085BEAB /* ManagerAssembly.swift */ = {isa = PBXFileReference; lastKnownFileType = sourcecode.swift; path = ManagerAssembly.swift; sourceTree = "<group>"; };
		DBEC20A1235CB5110085BEAB /* SessionManager.swift */ = {isa = PBXFileReference; lastKnownFileType = sourcecode.swift; path = SessionManager.swift; sourceTree = "<group>"; };
		DBEC20A4235CB9700085BEAB /* LoginAPI.swift */ = {isa = PBXFileReference; lastKnownFileType = sourcecode.swift; path = LoginAPI.swift; sourceTree = "<group>"; };
		DBEC20A7235CC1660085BEAB /* LoginViewModel.swift */ = {isa = PBXFileReference; lastKnownFileType = sourcecode.swift; path = LoginViewModel.swift; sourceTree = "<group>"; };
		DBEC20A9235CC7310085BEAB /* LoginViewController.swift */ = {isa = PBXFileReference; lastKnownFileType = sourcecode.swift; path = LoginViewController.swift; sourceTree = "<group>"; };
		DF12C5B24BC4F3A5584E28B2 /* Pods_CarRentingApplication.framework */ = {isa = PBXFileReference; explicitFileType = wrapper.framework; includeInIndex = 0; path = Pods_CarRentingApplication.framework; sourceTree = BUILT_PRODUCTS_DIR; };
/* End PBXFileReference section */

/* Begin PBXFrameworksBuildPhase section */
		DBB7C8A723535DF900DEBBB3 /* Frameworks */ = {
			isa = PBXFrameworksBuildPhase;
			buildActionMask = 2147483647;
			files = (
				6220A9A9343D49040DB25E09 /* Pods_CarRentingApplication.framework in Frameworks */,
			);
			runOnlyForDeploymentPostprocessing = 0;
		};
		DBB7C8BB23535E0500DEBBB3 /* Frameworks */ = {
			isa = PBXFrameworksBuildPhase;
			buildActionMask = 2147483647;
			files = (
				64472B079289792D6A56939A /* Pods_CarRentingApplicationTests.framework in Frameworks */,
			);
			runOnlyForDeploymentPostprocessing = 0;
		};
		DBB7C8C623535E0500DEBBB3 /* Frameworks */ = {
			isa = PBXFrameworksBuildPhase;
			buildActionMask = 2147483647;
			files = (
				403574BFC242BD6DFB2195D8 /* Pods_CarRentingApplicationUITests.framework in Frameworks */,
			);
			runOnlyForDeploymentPostprocessing = 0;
		};
/* End PBXFrameworksBuildPhase section */

/* Begin PBXGroup section */
		A3CDA45057DBF34467C602AB /* Frameworks */ = {
			isa = PBXGroup;
			children = (
				DF12C5B24BC4F3A5584E28B2 /* Pods_CarRentingApplication.framework */,
				4107FB72968E0B5732C1FD6E /* Pods_CarRentingApplicationTests.framework */,
				AB9613935A635E0CE2C069C0 /* Pods_CarRentingApplicationUITests.framework */,
			);
			name = Frameworks;
			sourceTree = "<group>";
		};
		C2B89EB5104D1865EA2C3CFE /* Pods */ = {
			isa = PBXGroup;
			children = (
				162D533E821918827901E491 /* Pods-CarRentingApplication.debug.xcconfig */,
				08D54771CA42D61E7D8B37FD /* Pods-CarRentingApplication.release.xcconfig */,
				4A1D6DDC138037A05E05EA5E /* Pods-CarRentingApplicationTests.debug.xcconfig */,
				854288F8D462A25E8652599B /* Pods-CarRentingApplicationTests.release.xcconfig */,
				2C84FC2F9AC98145514C0410 /* Pods-CarRentingApplicationUITests.debug.xcconfig */,
				50982ECA4E9176B1E1805308 /* Pods-CarRentingApplicationUITests.release.xcconfig */,
			);
			path = Pods;
			sourceTree = "<group>";
		};
		DB346EAA2389D52A00F0B55D /* CarRentList */ = {
			isa = PBXGroup;
			children = (
				DB346EB12389D6E200F0B55D /* CarRentListViewController.swift */,
				DB346EAF2389D6D500F0B55D /* CarRentListViewModel.swift */,
			);
			path = CarRentList;
			sourceTree = "<group>";
		};
		DB346EB32389DAF400F0B55D /* Rents */ = {
			isa = PBXGroup;
			children = (
				DB346EB42389DB0E00F0B55D /* Rent.swift */,
			);
			path = Rents;
			sourceTree = "<group>";
		};
		DB346EB62389DE3800F0B55D /* RentsTableViewCell */ = {
			isa = PBXGroup;
			children = (
				DB346EB72389DE5A00F0B55D /* RentsTableViewCell.swift */,
				DB346EB82389DE5A00F0B55D /* RentsTableViewCell.xib */,
				DB346EBB2389DE8000F0B55D /* RentsTableViewCellItemViewModel.swift */,
			);
			path = RentsTableViewCell;
			sourceTree = "<group>";
		};
		DB346EBD238AC38200F0B55D /* RentCar */ = {
			isa = PBXGroup;
			children = (
				DB346EBE238AC3E400F0B55D /* RentCarViewController.swift */,
				DB346EC0238AC45D00F0B55D /* RentCarViewModel.swift */,
			);
			path = RentCar;
			sourceTree = "<group>";
		};
		DB346EC5238B183C00F0B55D /* Rent */ = {
			isa = PBXGroup;
			children = (
				DBA431DC2393075D00588B88 /* OwnRentDetails */,
				DBA431ED239452F600588B88 /* OwnRentImageUpload */,
				DB346EC8238B186200F0B55D /* OwnRents */,
			);
			path = Rent;
			sourceTree = "<group>";
		};
		DB346EC8238B186200F0B55D /* OwnRents */ = {
			isa = PBXGroup;
			children = (
				DB346EC6238B185900F0B55D /* OwnRentsViewController.swift */,
				DB346EC9238B188C00F0B55D /* OwnRentsViewModel.swift */,
			);
			path = OwnRents;
			sourceTree = "<group>";
		};
		DB72D931236EECC60090B85C /* Interactor */ = {
			isa = PBXGroup;
			children = (
				DBBB82A223782D6800308A48 /* CarsInteractor.swift */,
				DBA431E9239432C500588B88 /* PositionInteractor.swift */,
				DBE15829236F60FE0037B357 /* RegisterInteractor.swift */,
				DB346ECB238B194A00F0B55D /* RentsInteractor.swift */,
			);
			path = Interactor;
			sourceTree = "<group>";
		};
		DB72D932236EED200090B85C /* View */ = {
			isa = PBXGroup;
			children = (
				DBE15804236EF35F0037B357 /* UIButton */,
				DBBB82A62378345B00308A48 /* UITableView */,
				DB72D933236EED260090B85C /* UITextField */,
			);
			path = View;
			sourceTree = "<group>";
		};
		DB72D933236EED260090B85C /* UITextField */ = {
			isa = PBXGroup;
			children = (
				DB72D934236EED4E0090B85C /* TextField.swift */,
			);
			path = UITextField;
			sourceTree = "<group>";
		};
		DB8173EC238B222900CC2B99 /* OwnRentsTableViewCell */ = {
			isa = PBXGroup;
			children = (
				DB8173ED238B225500CC2B99 /* OwnRentsTableViewCell.swift */,
				DB8173EE238B225500CC2B99 /* OwnRentsTableViewCell.xib */,
				DB8173F1238B23EC00CC2B99 /* OwnRentsTableViewCellItemViewModel.swift */,
			);
			path = OwnRentsTableViewCell;
			sourceTree = "<group>";
		};
		DBA431DC2393075D00588B88 /* OwnRentDetails */ = {
			isa = PBXGroup;
			children = (
				DBA431DD2393081800588B88 /* OwnRentDetailsViewController.swift */,
				DBA431DF2393A47000588B88 /* OwnRentDetailsViewModel.swift */,
				DBA431E12393A95B00588B88 /* RentData.swift */,
			);
			path = OwnRentDetails;
			sourceTree = "<group>";
		};
		DBA431E3239426CD00588B88 /* Position */ = {
			isa = PBXGroup;
			children = (
				DBA431E4239426E300588B88 /* PositionProvider */,
			);
			path = Position;
			sourceTree = "<group>";
		};
		DBA431E4239426E300588B88 /* PositionProvider */ = {
			isa = PBXGroup;
			children = (
				DBA431E5239426F600588B88 /* PositionProviderViewController.swift */,
				DBA431EB239433E700588B88 /* PositionProviderViewModel.swift */,
			);
			path = PositionProvider;
			sourceTree = "<group>";
		};
		DBA431ED239452F600588B88 /* OwnRentImageUpload */ = {
			isa = PBXGroup;
			children = (
				DBA431EE239453E700588B88 /* OwnRentImageUploadViewController.swift */,
				DBA431F0239453FC00588B88 /* OwnRentImageUploadViewModel.swift */,
			);
			path = OwnRentImageUpload;
			sourceTree = "<group>";
		};
		DBB7C8A123535DF900DEBBB3 = {
			isa = PBXGroup;
			children = (
				DBB7C8AC23535DF900DEBBB3 /* CarRentingApplication */,
				DBB7C8C123535E0500DEBBB3 /* CarRentingApplicationTests */,
				DBB7C8CC23535E0500DEBBB3 /* CarRentingApplicationUITests */,
				DBB7C8AB23535DF900DEBBB3 /* Products */,
				C2B89EB5104D1865EA2C3CFE /* Pods */,
				A3CDA45057DBF34467C602AB /* Frameworks */,
			);
			sourceTree = "<group>";
		};
		DBB7C8AB23535DF900DEBBB3 /* Products */ = {
			isa = PBXGroup;
			children = (
				DBB7C8AA23535DF900DEBBB3 /* CarRentingApplication.app */,
				DBB7C8BE23535E0500DEBBB3 /* CarRentingApplicationTests.xctest */,
				DBB7C8C923535E0500DEBBB3 /* CarRentingApplicationUITests.xctest */,
			);
			name = Products;
			sourceTree = "<group>";
		};
		DBB7C8AC23535DF900DEBBB3 /* CarRentingApplication */ = {
			isa = PBXGroup;
			children = (
				DBDA05A92359D7E2005026DF /* Assembly */,
				DBEC2097235C9EA80085BEAB /* Extension */,
				DB72D931236EECC60090B85C /* Interactor */,
				DBBB829B23782C2100308A48 /* Model */,
				DBDA05B2235A0696005026DF /* Network */,
				DBEC209C235CAAD50085BEAB /* Persistency */,
				DBD8C1C42363159F00902426 /* Session */,
				DBDA05A62359D525005026DF /* Storyboard */,
				DBDA05A52359D515005026DF /* Supporting Files */,
				DBEC20A6235CC1530085BEAB /* UseCase */,
				DB72D932236EED200090B85C /* View */,
				DBB7C8AD23535DF900DEBBB3 /* AppDelegate.swift */,
				DBB7C8B923535E0400DEBBB3 /* Info.plist */,
			);
			path = CarRentingApplication;
			sourceTree = "<group>";
		};
		DBB7C8C123535E0500DEBBB3 /* CarRentingApplicationTests */ = {
			isa = PBXGroup;
			children = (
				DBB7C8C223535E0500DEBBB3 /* CarRentingApplicationTests.swift */,
				DBB7C8C423535E0500DEBBB3 /* Info.plist */,
			);
			path = CarRentingApplicationTests;
			sourceTree = "<group>";
		};
		DBB7C8CC23535E0500DEBBB3 /* CarRentingApplicationUITests */ = {
			isa = PBXGroup;
			children = (
				DBB7C8CD23535E0500DEBBB3 /* CarRentingApplicationUITests.swift */,
				DBB7C8CF23535E0500DEBBB3 /* Info.plist */,
			);
			path = CarRentingApplicationUITests;
			sourceTree = "<group>";
		};
		DBBB82952378203200308A48 /* Cars */ = {
			isa = PBXGroup;
			children = (
				DBC2FFA723809FFA00B7BBD5 /* CarDetails */,
				DBBB82962378204000308A48 /* CarList */,
				DB346EAA2389D52A00F0B55D /* CarRentList */,
				DB346EBD238AC38200F0B55D /* RentCar */,
			);
			path = Cars;
			sourceTree = "<group>";
		};
		DBBB82962378204000308A48 /* CarList */ = {
			isa = PBXGroup;
			children = (
				DBBB82972378205800308A48 /* CarListViewController.swift */,
				DBBB82992378206C00308A48 /* CarListViewModel.swift */,
			);
			path = CarList;
			sourceTree = "<group>";
		};
		DBBB829B23782C2100308A48 /* Model */ = {
			isa = PBXGroup;
			children = (
				DBBB829C23782C2D00308A48 /* Cars */,
				DB346EB32389DAF400F0B55D /* Rents */,
			);
			path = Model;
			sourceTree = "<group>";
		};
		DBBB829C23782C2D00308A48 /* Cars */ = {
			isa = PBXGroup;
			children = (
				DBBB829E23782C4000308A48 /* Car.swift */,
				DBBB82A023782CDC00308A48 /* Station.swift */,
			);
			path = Cars;
			sourceTree = "<group>";
		};
		DBBB82A62378345B00308A48 /* UITableView */ = {
			isa = PBXGroup;
			children = (
				DBBB82A72378346D00308A48 /* CarsTableViewCell */,
				DB8173EC238B222900CC2B99 /* OwnRentsTableViewCell */,
				DB346EB62389DE3800F0B55D /* RentsTableViewCell */,
			);
			path = UITableView;
			sourceTree = "<group>";
		};
		DBBB82A72378346D00308A48 /* CarsTableViewCell */ = {
			isa = PBXGroup;
			children = (
				DBBB82AC237836BF00308A48 /* CarsTableViewCell.swift */,
				DBBB82AD237836BF00308A48 /* CarsTableViewCell.xib */,
				DBBB82AA2378354700308A48 /* CarsTableViewCellItemViewModel.swift */,
			);
			path = CarsTableViewCell;
			sourceTree = "<group>";
		};
		DBC2FFA723809FFA00B7BBD5 /* CarDetails */ = {
			isa = PBXGroup;
			children = (
				DBC2FFAC2380AFEF00B7BBD5 /* CarDetailsViewController.swift */,
				DBC2FFAA2380A02F00B7BBD5 /* CarDetailsViewModel.swift */,
			);
			path = CarDetails;
			sourceTree = "<group>";
		};
		DBD8C1C42363159F00902426 /* Session */ = {
			isa = PBXGroup;
			children = (
				DBEC20A1235CB5110085BEAB /* SessionManager.swift */,
			);
			path = Session;
			sourceTree = "<group>";
		};
		DBD8C1C52363204F00902426 /* Registration */ = {
			isa = PBXGroup;
			children = (
				DBD8C1C62363207C00902426 /* AccountDataInput */,
				DBE1581A236F589D0037B357 /* DrivingLicenseBackUpload */,
				DBE15813236F582D0037B357 /* DrivingLicenseFrontUpload */,
				DBE15814236F582D0037B357 /* DrivingLicenseInput */,
				DBE15808236F282A0037B357 /* PersonalDataInput */,
				DBE15819236F589C0037B357 /* ProfileImageUpload */,
			);
			path = Registration;
			sourceTree = "<group>";
		};
		DBD8C1C62363207C00902426 /* AccountDataInput */ = {
			isa = PBXGroup;
			children = (
				DBD8C1C723632A6E00902426 /* AccountDataInputViewController.swift */,
				DBD8C1C923632A8200902426 /* AccountDataInputViewModel.swift */,
			);
			path = AccountDataInput;
			sourceTree = "<group>";
		};
		DBDA05A52359D515005026DF /* Supporting Files */ = {
			isa = PBXGroup;
			children = (
				DBB7C8B423535E0400DEBBB3 /* Assets.xcassets */,
			);
			path = "Supporting Files";
			sourceTree = "<group>";
		};
		DBDA05A62359D525005026DF /* Storyboard */ = {
			isa = PBXGroup;
			children = (
				DB0A5EF1235CE8D300DB0225 /* Login.storyboard */,
				DBB7C8B623535E0400DEBBB3 /* LaunchScreen.storyboard */,
				DB9B128B235D00FE005F8F0A /* Dashboard.storyboard */,
			);
			path = Storyboard;
			sourceTree = "<group>";
		};
		DBDA05A92359D7E2005026DF /* Assembly */ = {
			isa = PBXGroup;
			children = (
				DBDA05B02359D9A0005026DF /* InteractorAssembly.swift */,
				DBEC209F235CAFAC0085BEAB /* ManagerAssembly.swift */,
				DBDA05AE2359D94F005026DF /* NetworkAssembly.swift */,
				DBDA05AA2359D8D6005026DF /* ViewAssembly.swift */,
			);
			path = Assembly;
			sourceTree = "<group>";
		};
		DBDA05B2235A0696005026DF /* Network */ = {
			isa = PBXGroup;
			children = (
				DBEC20A3235CB95F0085BEAB /* API */,
				DBEC208A235C8D690085BEAB /* Network Extensions */,
				DBEC208D235C8E9B0085BEAB /* NetworkConfig.swift */,
				DBEC208F235C92CB0085BEAB /* NetworkManager.swift */,
			);
			path = Network;
			sourceTree = "<group>";
		};
		DBE15804236EF35F0037B357 /* UIButton */ = {
			isa = PBXGroup;
			children = (
				DBE15805236EF3750037B357 /* Button.swift */,
			);
			path = UIButton;
			sourceTree = "<group>";
		};
		DBE15808236F282A0037B357 /* PersonalDataInput */ = {
			isa = PBXGroup;
			children = (
				DBE15809236F28580037B357 /* PersonalDataInputViewController.swift */,
				DBE1580B236F29900037B357 /* PersonalDataInputViewModel.swift */,
			);
			path = PersonalDataInput;
			sourceTree = "<group>";
		};
		DBE15813236F582D0037B357 /* DrivingLicenseFrontUpload */ = {
			isa = PBXGroup;
			children = (
				DBE1581F236F5ADB0037B357 /* DrivingLicenseFrontUploadViewController.swift */,
				DBE15821236F5AED0037B357 /* DrivingLicenseFrontUploadViewModel.swift */,
			);
			path = DrivingLicenseFrontUpload;
			sourceTree = "<group>";
		};
		DBE15814236F582D0037B357 /* DrivingLicenseInput */ = {
			isa = PBXGroup;
			children = (
				DBE15816236F582D0037B357 /* DrivingLicenseInputDataViewController.swift */,
				DBE15815236F582D0037B357 /* DrivingLicenseInputDataViewModel.swift */,
			);
			path = DrivingLicenseInput;
			sourceTree = "<group>";
		};
		DBE15819236F589C0037B357 /* ProfileImageUpload */ = {
			isa = PBXGroup;
			children = (
				DBE15825236F5F3D0037B357 /* ProfileImageUploadViewController.swift */,
				DBE15827236F5F4D0037B357 /* ProfileImageUploadViewModel.swift */,
			);
			path = ProfileImageUpload;
			sourceTree = "<group>";
		};
		DBE1581A236F589D0037B357 /* DrivingLicenseBackUpload */ = {
			isa = PBXGroup;
			children = (
				DBE1581B236F58DE0037B357 /* DrivingLicenseBackUploadViewController.swift */,
				DBE1581D236F58F00037B357 /* DrivingLicenseBackUploadViewModel.swift */,
			);
			path = DrivingLicenseBackUpload;
			sourceTree = "<group>";
		};
		DBEC208A235C8D690085BEAB /* Network Extensions */ = {
			isa = PBXGroup;
			children = (
				DBDA05B3235A06AE005026DF /* MultiMoyaProvider.swift */,
				DBEC208B235C8D8F0085BEAB /* MultiMoyaProvider+Codable.swift */,
			);
			path = "Network Extensions";
			sourceTree = "<group>";
		};
		DBEC2097235C9EA80085BEAB /* Extension */ = {
			isa = PBXGroup;
			children = (
				DBEC2098235C9EBE0085BEAB /* Notifiable.swift */,
				DBE15823236F5D880037B357 /* UIViewController.swift */,
			);
			path = Extension;
			sourceTree = "<group>";
		};
		DBEC209C235CAAD50085BEAB /* Persistency */ = {
			isa = PBXGroup;
			children = (
				DBEC209D235CAB3D0085BEAB /* PersistencyManager.swift */,
			);
			path = Persistency;
			sourceTree = "<group>";
		};
		DBEC20A3235CB95F0085BEAB /* API */ = {
			isa = PBXGroup;
			children = (
				DBBB82A423782F5C00308A48 /* CarsAPI.swift */,
				DB8173F3238B268B00CC2B99 /* RentsAPI.swift */,
				DBEC20A4235CB9700085BEAB /* LoginAPI.swift */,
				DBA431E72394313A00588B88 /* PositionAPI.swift */,
				DB614B81236F92E6002EAF84 /* RegistrationAPI.swift */,
			);
			path = API;
			sourceTree = "<group>";
		};
		DBEC20A6235CC1530085BEAB /* UseCase */ = {
			isa = PBXGroup;
			children = (
				DBBB82952378203200308A48 /* Cars */,
				DBEC20AB235CC7340085BEAB /* Login */,
				DBA431E3239426CD00588B88 /* Position */,
				DBD8C1C52363204F00902426 /* Registration */,
				DB346EC5238B183C00F0B55D /* Rent */,
			);
			path = UseCase;
			sourceTree = "<group>";
		};
		DBEC20AB235CC7340085BEAB /* Login */ = {
			isa = PBXGroup;
			children = (
				DBEC20A9235CC7310085BEAB /* LoginViewController.swift */,
				DBEC20A7235CC1660085BEAB /* LoginViewModel.swift */,
			);
			path = Login;
			sourceTree = "<group>";
		};
/* End PBXGroup section */

/* Begin PBXNativeTarget section */
		DBB7C8A923535DF900DEBBB3 /* CarRentingApplication */ = {
			isa = PBXNativeTarget;
			buildConfigurationList = DBB7C8D223535E0500DEBBB3 /* Build configuration list for PBXNativeTarget "CarRentingApplication" */;
			buildPhases = (
				D168B5C4744181ACC7471F5F /* [CP] Check Pods Manifest.lock */,
				DBB7C8A623535DF900DEBBB3 /* Sources */,
				DBB7C8A723535DF900DEBBB3 /* Frameworks */,
				DBB7C8A823535DF900DEBBB3 /* Resources */,
				4FBCC17EE0A76F048430FB27 /* [CP] Embed Pods Frameworks */,
			);
			buildRules = (
			);
			dependencies = (
			);
			name = CarRentingApplication;
			productName = CarRentingApplication;
			productReference = DBB7C8AA23535DF900DEBBB3 /* CarRentingApplication.app */;
			productType = "com.apple.product-type.application";
		};
		DBB7C8BD23535E0500DEBBB3 /* CarRentingApplicationTests */ = {
			isa = PBXNativeTarget;
			buildConfigurationList = DBB7C8D523535E0500DEBBB3 /* Build configuration list for PBXNativeTarget "CarRentingApplicationTests" */;
			buildPhases = (
				87C7DB8D617525B85221AD5B /* [CP] Check Pods Manifest.lock */,
				DBB7C8BA23535E0500DEBBB3 /* Sources */,
				DBB7C8BB23535E0500DEBBB3 /* Frameworks */,
				DBB7C8BC23535E0500DEBBB3 /* Resources */,
			);
			buildRules = (
			);
			dependencies = (
				DBB7C8C023535E0500DEBBB3 /* PBXTargetDependency */,
			);
			name = CarRentingApplicationTests;
			productName = CarRentingApplicationTests;
			productReference = DBB7C8BE23535E0500DEBBB3 /* CarRentingApplicationTests.xctest */;
			productType = "com.apple.product-type.bundle.unit-test";
		};
		DBB7C8C823535E0500DEBBB3 /* CarRentingApplicationUITests */ = {
			isa = PBXNativeTarget;
			buildConfigurationList = DBB7C8D823535E0500DEBBB3 /* Build configuration list for PBXNativeTarget "CarRentingApplicationUITests" */;
			buildPhases = (
				E4E7A083C91E294283B1E753 /* [CP] Check Pods Manifest.lock */,
				DBB7C8C523535E0500DEBBB3 /* Sources */,
				DBB7C8C623535E0500DEBBB3 /* Frameworks */,
				DBB7C8C723535E0500DEBBB3 /* Resources */,
			);
			buildRules = (
			);
			dependencies = (
				DBB7C8CB23535E0500DEBBB3 /* PBXTargetDependency */,
			);
			name = CarRentingApplicationUITests;
			productName = CarRentingApplicationUITests;
			productReference = DBB7C8C923535E0500DEBBB3 /* CarRentingApplicationUITests.xctest */;
			productType = "com.apple.product-type.bundle.ui-testing";
		};
/* End PBXNativeTarget section */

/* Begin PBXProject section */
		DBB7C8A223535DF900DEBBB3 /* Project object */ = {
			isa = PBXProject;
			attributes = {
				LastSwiftUpdateCheck = 1010;
				LastUpgradeCheck = 1010;
				ORGANIZATIONNAME = "Ács Patrik Tamás";
				TargetAttributes = {
					DBB7C8A923535DF900DEBBB3 = {
						CreatedOnToolsVersion = 10.1;
					};
					DBB7C8BD23535E0500DEBBB3 = {
						CreatedOnToolsVersion = 10.1;
						TestTargetID = DBB7C8A923535DF900DEBBB3;
					};
					DBB7C8C823535E0500DEBBB3 = {
						CreatedOnToolsVersion = 10.1;
						TestTargetID = DBB7C8A923535DF900DEBBB3;
					};
				};
			};
			buildConfigurationList = DBB7C8A523535DF900DEBBB3 /* Build configuration list for PBXProject "CarRentingApplication" */;
			compatibilityVersion = "Xcode 9.3";
			developmentRegion = en;
			hasScannedForEncodings = 0;
			knownRegions = (
				en,
				Base,
			);
			mainGroup = DBB7C8A123535DF900DEBBB3;
			productRefGroup = DBB7C8AB23535DF900DEBBB3 /* Products */;
			projectDirPath = "";
			projectRoot = "";
			targets = (
				DBB7C8A923535DF900DEBBB3 /* CarRentingApplication */,
				DBB7C8BD23535E0500DEBBB3 /* CarRentingApplicationTests */,
				DBB7C8C823535E0500DEBBB3 /* CarRentingApplicationUITests */,
			);
		};
/* End PBXProject section */

/* Begin PBXResourcesBuildPhase section */
		DBB7C8A823535DF900DEBBB3 /* Resources */ = {
			isa = PBXResourcesBuildPhase;
			buildActionMask = 2147483647;
			files = (
				DBB7C8B823535E0400DEBBB3 /* LaunchScreen.storyboard in Resources */,
				DBB7C8B523535E0400DEBBB3 /* Assets.xcassets in Resources */,
				DB346EBA2389DE5A00F0B55D /* RentsTableViewCell.xib in Resources */,
				DB0A5EF2235CE8D300DB0225 /* Login.storyboard in Resources */,
				DB9B128C235D00FE005F8F0A /* Dashboard.storyboard in Resources */,
				DB8173F0238B225500CC2B99 /* OwnRentsTableViewCell.xib in Resources */,
				DBBB82AF237836BF00308A48 /* CarsTableViewCell.xib in Resources */,
			);
			runOnlyForDeploymentPostprocessing = 0;
		};
		DBB7C8BC23535E0500DEBBB3 /* Resources */ = {
			isa = PBXResourcesBuildPhase;
			buildActionMask = 2147483647;
			files = (
			);
			runOnlyForDeploymentPostprocessing = 0;
		};
		DBB7C8C723535E0500DEBBB3 /* Resources */ = {
			isa = PBXResourcesBuildPhase;
			buildActionMask = 2147483647;
			files = (
			);
			runOnlyForDeploymentPostprocessing = 0;
		};
/* End PBXResourcesBuildPhase section */

/* Begin PBXShellScriptBuildPhase section */
		4FBCC17EE0A76F048430FB27 /* [CP] Embed Pods Frameworks */ = {
			isa = PBXShellScriptBuildPhase;
			buildActionMask = 2147483647;
			files = (
			);
			inputFileListPaths = (
				"${PODS_ROOT}/Target Support Files/Pods-CarRentingApplication/Pods-CarRentingApplication-frameworks-${CONFIGURATION}-input-files.xcfilelist",
			);
			name = "[CP] Embed Pods Frameworks";
			outputFileListPaths = (
				"${PODS_ROOT}/Target Support Files/Pods-CarRentingApplication/Pods-CarRentingApplication-frameworks-${CONFIGURATION}-output-files.xcfilelist",
			);
			runOnlyForDeploymentPostprocessing = 0;
			shellPath = /bin/sh;
			shellScript = "\"${PODS_ROOT}/Target Support Files/Pods-CarRentingApplication/Pods-CarRentingApplication-frameworks.sh\"\n";
			showEnvVarsInLog = 0;
		};
		87C7DB8D617525B85221AD5B /* [CP] Check Pods Manifest.lock */ = {
			isa = PBXShellScriptBuildPhase;
			buildActionMask = 2147483647;
			files = (
			);
			inputFileListPaths = (
			);
			inputPaths = (
				"${PODS_PODFILE_DIR_PATH}/Podfile.lock",
				"${PODS_ROOT}/Manifest.lock",
			);
			name = "[CP] Check Pods Manifest.lock";
			outputFileListPaths = (
			);
			outputPaths = (
				"$(DERIVED_FILE_DIR)/Pods-CarRentingApplicationTests-checkManifestLockResult.txt",
			);
			runOnlyForDeploymentPostprocessing = 0;
			shellPath = /bin/sh;
			shellScript = "diff \"${PODS_PODFILE_DIR_PATH}/Podfile.lock\" \"${PODS_ROOT}/Manifest.lock\" > /dev/null\nif [ $? != 0 ] ; then\n    # print error to STDERR\n    echo \"error: The sandbox is not in sync with the Podfile.lock. Run 'pod install' or update your CocoaPods installation.\" >&2\n    exit 1\nfi\n# This output is used by Xcode 'outputs' to avoid re-running this script phase.\necho \"SUCCESS\" > \"${SCRIPT_OUTPUT_FILE_0}\"\n";
			showEnvVarsInLog = 0;
		};
		D168B5C4744181ACC7471F5F /* [CP] Check Pods Manifest.lock */ = {
			isa = PBXShellScriptBuildPhase;
			buildActionMask = 2147483647;
			files = (
			);
			inputFileListPaths = (
			);
			inputPaths = (
				"${PODS_PODFILE_DIR_PATH}/Podfile.lock",
				"${PODS_ROOT}/Manifest.lock",
			);
			name = "[CP] Check Pods Manifest.lock";
			outputFileListPaths = (
			);
			outputPaths = (
				"$(DERIVED_FILE_DIR)/Pods-CarRentingApplication-checkManifestLockResult.txt",
			);
			runOnlyForDeploymentPostprocessing = 0;
			shellPath = /bin/sh;
			shellScript = "diff \"${PODS_PODFILE_DIR_PATH}/Podfile.lock\" \"${PODS_ROOT}/Manifest.lock\" > /dev/null\nif [ $? != 0 ] ; then\n    # print error to STDERR\n    echo \"error: The sandbox is not in sync with the Podfile.lock. Run 'pod install' or update your CocoaPods installation.\" >&2\n    exit 1\nfi\n# This output is used by Xcode 'outputs' to avoid re-running this script phase.\necho \"SUCCESS\" > \"${SCRIPT_OUTPUT_FILE_0}\"\n";
			showEnvVarsInLog = 0;
		};
		E4E7A083C91E294283B1E753 /* [CP] Check Pods Manifest.lock */ = {
			isa = PBXShellScriptBuildPhase;
			buildActionMask = 2147483647;
			files = (
			);
			inputFileListPaths = (
			);
			inputPaths = (
				"${PODS_PODFILE_DIR_PATH}/Podfile.lock",
				"${PODS_ROOT}/Manifest.lock",
			);
			name = "[CP] Check Pods Manifest.lock";
			outputFileListPaths = (
			);
			outputPaths = (
				"$(DERIVED_FILE_DIR)/Pods-CarRentingApplicationUITests-checkManifestLockResult.txt",
			);
			runOnlyForDeploymentPostprocessing = 0;
			shellPath = /bin/sh;
			shellScript = "diff \"${PODS_PODFILE_DIR_PATH}/Podfile.lock\" \"${PODS_ROOT}/Manifest.lock\" > /dev/null\nif [ $? != 0 ] ; then\n    # print error to STDERR\n    echo \"error: The sandbox is not in sync with the Podfile.lock. Run 'pod install' or update your CocoaPods installation.\" >&2\n    exit 1\nfi\n# This output is used by Xcode 'outputs' to avoid re-running this script phase.\necho \"SUCCESS\" > \"${SCRIPT_OUTPUT_FILE_0}\"\n";
			showEnvVarsInLog = 0;
		};
/* End PBXShellScriptBuildPhase section */

/* Begin PBXSourcesBuildPhase section */
		DBB7C8A623535DF900DEBBB3 /* Sources */ = {
			isa = PBXSourcesBuildPhase;
			buildActionMask = 2147483647;
			files = (
				DBEC208E235C8E9B0085BEAB /* NetworkConfig.swift in Sources */,
				DBE15826236F5F3D0037B357 /* ProfileImageUploadViewController.swift in Sources */,
				DBDA05AB2359D8D6005026DF /* ViewAssembly.swift in Sources */,
				DBEC20A2235CB5110085BEAB /* SessionManager.swift in Sources */,
				DBE1582A236F60FE0037B357 /* RegisterInteractor.swift in Sources */,
				DB346EB02389D6D500F0B55D /* CarRentListViewModel.swift in Sources */,
				DB614B82236F92E6002EAF84 /* RegistrationAPI.swift in Sources */,
				DBE15820236F5ADB0037B357 /* DrivingLicenseFrontUploadViewController.swift in Sources */,
				DBEC20AA235CC7310085BEAB /* LoginViewController.swift in Sources */,
				DBC2FFAD2380AFEF00B7BBD5 /* CarDetailsViewController.swift in Sources */,
				DB346EB92389DE5A00F0B55D /* RentsTableViewCell.swift in Sources */,
				DB8173EF238B225500CC2B99 /* OwnRentsTableViewCell.swift in Sources */,
				DBEC20A0235CAFAC0085BEAB /* ManagerAssembly.swift in Sources */,
				DBE1581E236F58F00037B357 /* DrivingLicenseBackUploadViewModel.swift in Sources */,
				DB346EB22389D6E200F0B55D /* CarRentListViewController.swift in Sources */,
				DBBB82A323782D6800308A48 /* CarsInteractor.swift in Sources */,
				DBBB82A123782CDC00308A48 /* Station.swift in Sources */,
				DBE15806236EF3750037B357 /* Button.swift in Sources */,
				DBE15818236F582D0037B357 /* DrivingLicenseInputDataViewController.swift in Sources */,
				DBA431DE2393081800588B88 /* OwnRentDetailsViewController.swift in Sources */,
				DBBB82AE237836BF00308A48 /* CarsTableViewCell.swift in Sources */,
				DBBB829F23782C4000308A48 /* Car.swift in Sources */,
				DB346EBF238AC3E400F0B55D /* RentCarViewController.swift in Sources */,
				DBA431F1239453FC00588B88 /* OwnRentImageUploadViewModel.swift in Sources */,
				DBE1580C236F29900037B357 /* PersonalDataInputViewModel.swift in Sources */,
				DB346EBC2389DE8000F0B55D /* RentsTableViewCellItemViewModel.swift in Sources */,
				DBE15817236F582D0037B357 /* DrivingLicenseInputDataViewModel.swift in Sources */,
				DBD8C1C823632A6E00902426 /* AccountDataInputViewController.swift in Sources */,
				DBE15822236F5AED0037B357 /* DrivingLicenseFrontUploadViewModel.swift in Sources */,
				DBA431E22393A95B00588B88 /* RentData.swift in Sources */,
				DBE1581C236F58DE0037B357 /* DrivingLicenseBackUploadViewController.swift in Sources */,
				DBE15824236F5D880037B357 /* UIViewController.swift in Sources */,
				DBA431E82394313A00588B88 /* PositionAPI.swift in Sources */,
				DBA431EC239433E700588B88 /* PositionProviderViewModel.swift in Sources */,
				DBB7C8AE23535DF900DEBBB3 /* AppDelegate.swift in Sources */,
				DBE15828236F5F4D0037B357 /* ProfileImageUploadViewModel.swift in Sources */,
				DBA431EA239432C500588B88 /* PositionInteractor.swift in Sources */,
				DB346ECA238B188C00F0B55D /* OwnRentsViewModel.swift in Sources */,
				DBBB82A523782F5C00308A48 /* CarsAPI.swift in Sources */,
				DB346EB52389DB0E00F0B55D /* Rent.swift in Sources */,
				DBD8C1CA23632A8200902426 /* AccountDataInputViewModel.swift in Sources */,
				DBEC208C235C8D8F0085BEAB /* MultiMoyaProvider+Codable.swift in Sources */,
				DB346ECC238B194A00F0B55D /* RentsInteractor.swift in Sources */,
				DB346EC7238B185900F0B55D /* OwnRentsViewController.swift in Sources */,
				DBEC20A8235CC1660085BEAB /* LoginViewModel.swift in Sources */,
				DBEC20A5235CB9700085BEAB /* LoginAPI.swift in Sources */,
				DBEC2099235C9EBE0085BEAB /* Notifiable.swift in Sources */,
				DBBB829A2378206C00308A48 /* CarListViewModel.swift in Sources */,
				DBEC209E235CAB3D0085BEAB /* PersistencyManager.swift in Sources */,
				DBEC2090235C92CB0085BEAB /* NetworkManager.swift in Sources */,
				DBDA05B4235A06AE005026DF /* MultiMoyaProvider.swift in Sources */,
				DBC2FFAB2380A02F00B7BBD5 /* CarDetailsViewModel.swift in Sources */,
				DBBB82982378205800308A48 /* CarListViewController.swift in Sources */,
				DBA431EF239453E700588B88 /* OwnRentImageUploadViewController.swift in Sources */,
				DBDA05B12359D9A0005026DF /* InteractorAssembly.swift in Sources */,
				DBE1580A236F28580037B357 /* PersonalDataInputViewController.swift in Sources */,
				DB346EC1238AC45D00F0B55D /* RentCarViewModel.swift in Sources */,
				DB8173F4238B268B00CC2B99 /* RentsAPI.swift in Sources */,
				DB72D935236EED4E0090B85C /* TextField.swift in Sources */,
				DBA431E02393A47000588B88 /* OwnRentDetailsViewModel.swift in Sources */,
				DBA431E6239426F600588B88 /* PositionProviderViewController.swift in Sources */,
				DB8173F2238B23EC00CC2B99 /* OwnRentsTableViewCellItemViewModel.swift in Sources */,
				DBBB82AB2378354700308A48 /* CarsTableViewCellItemViewModel.swift in Sources */,
				DBDA05AF2359D94F005026DF /* NetworkAssembly.swift in Sources */,
			);
			runOnlyForDeploymentPostprocessing = 0;
		};
		DBB7C8BA23535E0500DEBBB3 /* Sources */ = {
			isa = PBXSourcesBuildPhase;
			buildActionMask = 2147483647;
			files = (
				DBB7C8C323535E0500DEBBB3 /* CarRentingApplicationTests.swift in Sources */,
			);
			runOnlyForDeploymentPostprocessing = 0;
		};
		DBB7C8C523535E0500DEBBB3 /* Sources */ = {
			isa = PBXSourcesBuildPhase;
			buildActionMask = 2147483647;
			files = (
				DBB7C8CE23535E0500DEBBB3 /* CarRentingApplicationUITests.swift in Sources */,
			);
			runOnlyForDeploymentPostprocessing = 0;
		};
/* End PBXSourcesBuildPhase section */

/* Begin PBXTargetDependency section */
		DBB7C8C023535E0500DEBBB3 /* PBXTargetDependency */ = {
			isa = PBXTargetDependency;
			target = DBB7C8A923535DF900DEBBB3 /* CarRentingApplication */;
			targetProxy = DBB7C8BF23535E0500DEBBB3 /* PBXContainerItemProxy */;
		};
		DBB7C8CB23535E0500DEBBB3 /* PBXTargetDependency */ = {
			isa = PBXTargetDependency;
			target = DBB7C8A923535DF900DEBBB3 /* CarRentingApplication */;
			targetProxy = DBB7C8CA23535E0500DEBBB3 /* PBXContainerItemProxy */;
		};
/* End PBXTargetDependency section */

/* Begin PBXVariantGroup section */
		DBB7C8B623535E0400DEBBB3 /* LaunchScreen.storyboard */ = {
			isa = PBXVariantGroup;
			children = (
				DBB7C8B723535E0400DEBBB3 /* Base */,
			);
			name = LaunchScreen.storyboard;
			sourceTree = "<group>";
		};
/* End PBXVariantGroup section */

/* Begin XCBuildConfiguration section */
		DBB7C8D023535E0500DEBBB3 /* Debug */ = {
			isa = XCBuildConfiguration;
			buildSettings = {
				ALWAYS_SEARCH_USER_PATHS = NO;
				CLANG_ANALYZER_NONNULL = YES;
				CLANG_ANALYZER_NUMBER_OBJECT_CONVERSION = YES_AGGRESSIVE;
				CLANG_CXX_LANGUAGE_STANDARD = "gnu++14";
				CLANG_CXX_LIBRARY = "libc++";
				CLANG_ENABLE_MODULES = YES;
				CLANG_ENABLE_OBJC_ARC = YES;
				CLANG_ENABLE_OBJC_WEAK = YES;
				CLANG_WARN_BLOCK_CAPTURE_AUTORELEASING = YES;
				CLANG_WARN_BOOL_CONVERSION = YES;
				CLANG_WARN_COMMA = YES;
				CLANG_WARN_CONSTANT_CONVERSION = YES;
				CLANG_WARN_DEPRECATED_OBJC_IMPLEMENTATIONS = YES;
				CLANG_WARN_DIRECT_OBJC_ISA_USAGE = YES_ERROR;
				CLANG_WARN_DOCUMENTATION_COMMENTS = YES;
				CLANG_WARN_EMPTY_BODY = YES;
				CLANG_WARN_ENUM_CONVERSION = YES;
				CLANG_WARN_INFINITE_RECURSION = YES;
				CLANG_WARN_INT_CONVERSION = YES;
				CLANG_WARN_NON_LITERAL_NULL_CONVERSION = YES;
				CLANG_WARN_OBJC_IMPLICIT_RETAIN_SELF = YES;
				CLANG_WARN_OBJC_LITERAL_CONVERSION = YES;
				CLANG_WARN_OBJC_ROOT_CLASS = YES_ERROR;
				CLANG_WARN_RANGE_LOOP_ANALYSIS = YES;
				CLANG_WARN_STRICT_PROTOTYPES = YES;
				CLANG_WARN_SUSPICIOUS_MOVE = YES;
				CLANG_WARN_UNGUARDED_AVAILABILITY = YES_AGGRESSIVE;
				CLANG_WARN_UNREACHABLE_CODE = YES;
				CLANG_WARN__DUPLICATE_METHOD_MATCH = YES;
				CODE_SIGN_IDENTITY = "iPhone Developer";
				COPY_PHASE_STRIP = NO;
				DEBUG_INFORMATION_FORMAT = dwarf;
				ENABLE_STRICT_OBJC_MSGSEND = YES;
				ENABLE_TESTABILITY = YES;
				GCC_C_LANGUAGE_STANDARD = gnu11;
				GCC_DYNAMIC_NO_PIC = NO;
				GCC_NO_COMMON_BLOCKS = YES;
				GCC_OPTIMIZATION_LEVEL = 0;
				GCC_PREPROCESSOR_DEFINITIONS = (
					"DEBUG=1",
					"$(inherited)",
				);
				GCC_WARN_64_TO_32_BIT_CONVERSION = YES;
				GCC_WARN_ABOUT_RETURN_TYPE = YES_ERROR;
				GCC_WARN_UNDECLARED_SELECTOR = YES;
				GCC_WARN_UNINITIALIZED_AUTOS = YES_AGGRESSIVE;
				GCC_WARN_UNUSED_FUNCTION = YES;
				GCC_WARN_UNUSED_VARIABLE = YES;
				IPHONEOS_DEPLOYMENT_TARGET = 12.1;
				MTL_ENABLE_DEBUG_INFO = INCLUDE_SOURCE;
				MTL_FAST_MATH = YES;
				ONLY_ACTIVE_ARCH = YES;
				SDKROOT = iphoneos;
				SWIFT_ACTIVE_COMPILATION_CONDITIONS = DEBUG;
				SWIFT_OPTIMIZATION_LEVEL = "-Onone";
			};
			name = Debug;
		};
		DBB7C8D123535E0500DEBBB3 /* Release */ = {
			isa = XCBuildConfiguration;
			buildSettings = {
				ALWAYS_SEARCH_USER_PATHS = NO;
				CLANG_ANALYZER_NONNULL = YES;
				CLANG_ANALYZER_NUMBER_OBJECT_CONVERSION = YES_AGGRESSIVE;
				CLANG_CXX_LANGUAGE_STANDARD = "gnu++14";
				CLANG_CXX_LIBRARY = "libc++";
				CLANG_ENABLE_MODULES = YES;
				CLANG_ENABLE_OBJC_ARC = YES;
				CLANG_ENABLE_OBJC_WEAK = YES;
				CLANG_WARN_BLOCK_CAPTURE_AUTORELEASING = YES;
				CLANG_WARN_BOOL_CONVERSION = YES;
				CLANG_WARN_COMMA = YES;
				CLANG_WARN_CONSTANT_CONVERSION = YES;
				CLANG_WARN_DEPRECATED_OBJC_IMPLEMENTATIONS = YES;
				CLANG_WARN_DIRECT_OBJC_ISA_USAGE = YES_ERROR;
				CLANG_WARN_DOCUMENTATION_COMMENTS = YES;
				CLANG_WARN_EMPTY_BODY = YES;
				CLANG_WARN_ENUM_CONVERSION = YES;
				CLANG_WARN_INFINITE_RECURSION = YES;
				CLANG_WARN_INT_CONVERSION = YES;
				CLANG_WARN_NON_LITERAL_NULL_CONVERSION = YES;
				CLANG_WARN_OBJC_IMPLICIT_RETAIN_SELF = YES;
				CLANG_WARN_OBJC_LITERAL_CONVERSION = YES;
				CLANG_WARN_OBJC_ROOT_CLASS = YES_ERROR;
				CLANG_WARN_RANGE_LOOP_ANALYSIS = YES;
				CLANG_WARN_STRICT_PROTOTYPES = YES;
				CLANG_WARN_SUSPICIOUS_MOVE = YES;
				CLANG_WARN_UNGUARDED_AVAILABILITY = YES_AGGRESSIVE;
				CLANG_WARN_UNREACHABLE_CODE = YES;
				CLANG_WARN__DUPLICATE_METHOD_MATCH = YES;
				CODE_SIGN_IDENTITY = "iPhone Developer";
				COPY_PHASE_STRIP = NO;
				DEBUG_INFORMATION_FORMAT = "dwarf-with-dsym";
				ENABLE_NS_ASSERTIONS = NO;
				ENABLE_STRICT_OBJC_MSGSEND = YES;
				GCC_C_LANGUAGE_STANDARD = gnu11;
				GCC_NO_COMMON_BLOCKS = YES;
				GCC_WARN_64_TO_32_BIT_CONVERSION = YES;
				GCC_WARN_ABOUT_RETURN_TYPE = YES_ERROR;
				GCC_WARN_UNDECLARED_SELECTOR = YES;
				GCC_WARN_UNINITIALIZED_AUTOS = YES_AGGRESSIVE;
				GCC_WARN_UNUSED_FUNCTION = YES;
				GCC_WARN_UNUSED_VARIABLE = YES;
				IPHONEOS_DEPLOYMENT_TARGET = 12.1;
				MTL_ENABLE_DEBUG_INFO = NO;
				MTL_FAST_MATH = YES;
				SDKROOT = iphoneos;
				SWIFT_COMPILATION_MODE = wholemodule;
				SWIFT_OPTIMIZATION_LEVEL = "-O";
				VALIDATE_PRODUCT = YES;
			};
			name = Release;
		};
		DBB7C8D323535E0500DEBBB3 /* Debug */ = {
			isa = XCBuildConfiguration;
			baseConfigurationReference = 162D533E821918827901E491 /* Pods-CarRentingApplication.debug.xcconfig */;
			buildSettings = {
				ASSETCATALOG_COMPILER_APPICON_NAME = AppIcon;
				CODE_SIGN_STYLE = Automatic;
				DEVELOPMENT_TEAM = T6PUL3UJUS;
				INFOPLIST_FILE = CarRentingApplication/Info.plist;
				IPHONEOS_DEPLOYMENT_TARGET = 11.0;
				LD_RUNPATH_SEARCH_PATHS = (
					"$(inherited)",
					"@executable_path/Frameworks",
				);
				PRODUCT_BUNDLE_IDENTIFIER = hu.patriktacs.CarRentingApplication2;
				PRODUCT_NAME = "$(TARGET_NAME)";
				SWIFT_VERSION = 4.2;
				TARGETED_DEVICE_FAMILY = 1;
			};
			name = Debug;
		};
		DBB7C8D423535E0500DEBBB3 /* Release */ = {
			isa = XCBuildConfiguration;
			baseConfigurationReference = 08D54771CA42D61E7D8B37FD /* Pods-CarRentingApplication.release.xcconfig */;
			buildSettings = {
				ASSETCATALOG_COMPILER_APPICON_NAME = AppIcon;
				CODE_SIGN_STYLE = Automatic;
				DEVELOPMENT_TEAM = T6PUL3UJUS;
				INFOPLIST_FILE = CarRentingApplication/Info.plist;
				IPHONEOS_DEPLOYMENT_TARGET = 11.0;
				LD_RUNPATH_SEARCH_PATHS = (
					"$(inherited)",
					"@executable_path/Frameworks",
				);
				PRODUCT_BUNDLE_IDENTIFIER = hu.patriktacs.CarRentingApplication2;
				PRODUCT_NAME = "$(TARGET_NAME)";
				SWIFT_VERSION = 4.2;
				TARGETED_DEVICE_FAMILY = 1;
			};
			name = Release;
		};
		DBB7C8D623535E0500DEBBB3 /* Debug */ = {
			isa = XCBuildConfiguration;
			baseConfigurationReference = 4A1D6DDC138037A05E05EA5E /* Pods-CarRentingApplicationTests.debug.xcconfig */;
			buildSettings = {
				ALWAYS_EMBED_SWIFT_STANDARD_LIBRARIES = YES;
				BUNDLE_LOADER = "$(TEST_HOST)";
				CODE_SIGN_STYLE = Automatic;
				INFOPLIST_FILE = CarRentingApplicationTests/Info.plist;
				LD_RUNPATH_SEARCH_PATHS = (
					"$(inherited)",
					"@executable_path/Frameworks",
					"@loader_path/Frameworks",
				);
				PRODUCT_BUNDLE_IDENTIFIER = hu.patriktacs.CarRentingApplicationTests;
				PRODUCT_NAME = "$(TARGET_NAME)";
				SWIFT_VERSION = 4.2;
				TARGETED_DEVICE_FAMILY = "1,2";
				TEST_HOST = "$(BUILT_PRODUCTS_DIR)/CarRentingApplication.app/CarRentingApplication";
			};
			name = Debug;
		};
		DBB7C8D723535E0500DEBBB3 /* Release */ = {
			isa = XCBuildConfiguration;
			baseConfigurationReference = 854288F8D462A25E8652599B /* Pods-CarRentingApplicationTests.release.xcconfig */;
			buildSettings = {
				ALWAYS_EMBED_SWIFT_STANDARD_LIBRARIES = YES;
				BUNDLE_LOADER = "$(TEST_HOST)";
				CODE_SIGN_STYLE = Automatic;
				INFOPLIST_FILE = CarRentingApplicationTests/Info.plist;
				LD_RUNPATH_SEARCH_PATHS = (
					"$(inherited)",
					"@executable_path/Frameworks",
					"@loader_path/Frameworks",
				);
				PRODUCT_BUNDLE_IDENTIFIER = hu.patriktacs.CarRentingApplicationTests;
				PRODUCT_NAME = "$(TARGET_NAME)";
				SWIFT_VERSION = 4.2;
				TARGETED_DEVICE_FAMILY = "1,2";
				TEST_HOST = "$(BUILT_PRODUCTS_DIR)/CarRentingApplication.app/CarRentingApplication";
			};
			name = Release;
		};
		DBB7C8D923535E0500DEBBB3 /* Debug */ = {
			isa = XCBuildConfiguration;
			baseConfigurationReference = 2C84FC2F9AC98145514C0410 /* Pods-CarRentingApplicationUITests.debug.xcconfig */;
			buildSettings = {
				ALWAYS_EMBED_SWIFT_STANDARD_LIBRARIES = YES;
				CODE_SIGN_STYLE = Automatic;
				INFOPLIST_FILE = CarRentingApplicationUITests/Info.plist;
				LD_RUNPATH_SEARCH_PATHS = (
					"$(inherited)",
					"@executable_path/Frameworks",
					"@loader_path/Frameworks",
				);
				PRODUCT_BUNDLE_IDENTIFIER = hu.patriktacs.CarRentingApplicationUITests;
				PRODUCT_NAME = "$(TARGET_NAME)";
				SWIFT_VERSION = 4.2;
				TARGETED_DEVICE_FAMILY = "1,2";
				TEST_TARGET_NAME = CarRentingApplication;
			};
			name = Debug;
		};
		DBB7C8DA23535E0500DEBBB3 /* Release */ = {
			isa = XCBuildConfiguration;
			baseConfigurationReference = 50982ECA4E9176B1E1805308 /* Pods-CarRentingApplicationUITests.release.xcconfig */;
			buildSettings = {
				ALWAYS_EMBED_SWIFT_STANDARD_LIBRARIES = YES;
				CODE_SIGN_STYLE = Automatic;
				INFOPLIST_FILE = CarRentingApplicationUITests/Info.plist;
				LD_RUNPATH_SEARCH_PATHS = (
					"$(inherited)",
					"@executable_path/Frameworks",
					"@loader_path/Frameworks",
				);
				PRODUCT_BUNDLE_IDENTIFIER = hu.patriktacs.CarRentingApplicationUITests;
				PRODUCT_NAME = "$(TARGET_NAME)";
				SWIFT_VERSION = 4.2;
				TARGETED_DEVICE_FAMILY = "1,2";
				TEST_TARGET_NAME = CarRentingApplication;
			};
			name = Release;
		};
/* End XCBuildConfiguration section */

/* Begin XCConfigurationList section */
		DBB7C8A523535DF900DEBBB3 /* Build configuration list for PBXProject "CarRentingApplication" */ = {
			isa = XCConfigurationList;
			buildConfigurations = (
				DBB7C8D023535E0500DEBBB3 /* Debug */,
				DBB7C8D123535E0500DEBBB3 /* Release */,
			);
			defaultConfigurationIsVisible = 0;
			defaultConfigurationName = Release;
		};
		DBB7C8D223535E0500DEBBB3 /* Build configuration list for PBXNativeTarget "CarRentingApplication" */ = {
			isa = XCConfigurationList;
			buildConfigurations = (
				DBB7C8D323535E0500DEBBB3 /* Debug */,
				DBB7C8D423535E0500DEBBB3 /* Release */,
			);
			defaultConfigurationIsVisible = 0;
			defaultConfigurationName = Release;
		};
		DBB7C8D523535E0500DEBBB3 /* Build configuration list for PBXNativeTarget "CarRentingApplicationTests" */ = {
			isa = XCConfigurationList;
			buildConfigurations = (
				DBB7C8D623535E0500DEBBB3 /* Debug */,
				DBB7C8D723535E0500DEBBB3 /* Release */,
			);
			defaultConfigurationIsVisible = 0;
			defaultConfigurationName = Release;
		};
		DBB7C8D823535E0500DEBBB3 /* Build configuration list for PBXNativeTarget "CarRentingApplicationUITests" */ = {
			isa = XCConfigurationList;
			buildConfigurations = (
				DBB7C8D923535E0500DEBBB3 /* Debug */,
				DBB7C8DA23535E0500DEBBB3 /* Release */,
			);
			defaultConfigurationIsVisible = 0;
			defaultConfigurationName = Release;
		};
/* End XCConfigurationList section */
	};
	rootObject = DBB7C8A223535DF900DEBBB3 /* Project object */;
}
